
Microsoft Visual Studio Solution File, Format Version 12.00
# Visual Studio Version 16
VisualStudioVersion = 16.0.31613.86
MinimumVisualStudioVersion = 10.0.40219.1
Project("{FAE04EC0-301F-11D3-BF4B-00C04F79EFBC}") = "Jump_Statements", "Jump_Statements\Jump_Statements.csproj", "{988863AF-5DCC-45CF-B241-670BFAD8ED7F}"
EndProject
Global
	GlobalSection(SolutionConfigurationPlatforms) = preSolution
		Debug|Any CPU = Debug|Any CPU
		Release|Any CPU = Release|Any CPU
	EndGlobalSection
	GlobalSection(ProjectConfigurationPlatforms) = postSolution
		{988863AF-5DCC-45CF-B241-670BFAD8ED7F}.Debug|Any CPU.ActiveCfg = Debug|Any CPU
		{988863AF-5DCC-45CF-B241-670BFAD8ED7F}.Debug|Any CPU.Build.0 = Debug|Any CPU
		{988863AF-5DCC-45CF-B241-670BFAD8ED7F}.Release|Any CPU.ActiveCfg = Release|Any CPU
		{988863AF-5DCC-45CF-B241-670BFAD8ED7F}.Release|Any CPU.Build.0 = Release|Any CPU
	EndGlobalSection
	GlobalSection(SolutionProperties) = preSolution
		HideSolutionNode = FALSE
	EndGlobalSection
	GlobalSection(ExtensibilityGlobals) = postSolution
		SolutionGuid = {8ADB52CB-13C4-436A-9105-9AF77423E70A}
	EndGlobalSection
EndGlobal
