
Microsoft Visual Studio Solution File, Format Version 12.00
# Visual Studio Version 16
VisualStudioVersion = 16.0.31613.86
MinimumVisualStudioVersion = 10.0.40219.1
Project("{FAE04EC0-301F-11D3-BF4B-00C04F79EFBC}") = "ArrayExp", "ArrayExp\ArrayExp.csproj", "{0D866FCB-1505-4FBF-83EB-CE8297DC4E15}"
EndProject
Global
	GlobalSection(SolutionConfigurationPlatforms) = preSolution
		Debug|Any CPU = Debug|Any CPU
		Release|Any CPU = Release|Any CPU
	EndGlobalSection
	GlobalSection(ProjectConfigurationPlatforms) = postSolution
		{0D866FCB-1505-4FBF-83EB-CE8297DC4E15}.Debug|Any CPU.ActiveCfg = Debug|Any CPU
		{0D866FCB-1505-4FBF-83EB-CE8297DC4E15}.Debug|Any CPU.Build.0 = Debug|Any CPU
		{0D866FCB-1505-4FBF-83EB-CE8297DC4E15}.Release|Any CPU.ActiveCfg = Release|Any CPU
		{0D866FCB-1505-4FBF-83EB-CE8297DC4E15}.Release|Any CPU.Build.0 = Release|Any CPU
	EndGlobalSection
	GlobalSection(SolutionProperties) = preSolution
		HideSolutionNode = FALSE
	EndGlobalSection
	GlobalSection(ExtensibilityGlobals) = postSolution
		SolutionGuid = {0B203F96-BE20-47BA-B995-0C614BFE9BDE}
	EndGlobalSection
EndGlobal
