
Microsoft Visual Studio Solution File, Format Version 12.00
# Visual Studio Version 16
VisualStudioVersion = 16.0.32602.291
MinimumVisualStudioVersion = 10.0.40219.1
Project("{FAE04EC0-301F-11D3-BF4B-00C04F79EFBC}") = "File_exercise", "File_exercise\File_exercise.csproj", "{11113B98-CF0E-4349-8F57-7EA38A2E543A}"
EndProject
Global
	GlobalSection(SolutionConfigurationPlatforms) = preSolution
		Debug|Any CPU = Debug|Any CPU
		Release|Any CPU = Release|Any CPU
	EndGlobalSection
	GlobalSection(ProjectConfigurationPlatforms) = postSolution
		{11113B98-CF0E-4349-8F57-7EA38A2E543A}.Debug|Any CPU.ActiveCfg = Debug|Any CPU
		{11113B98-CF0E-4349-8F57-7EA38A2E543A}.Debug|Any CPU.Build.0 = Debug|Any CPU
		{11113B98-CF0E-4349-8F57-7EA38A2E543A}.Release|Any CPU.ActiveCfg = Release|Any CPU
		{11113B98-CF0E-4349-8F57-7EA38A2E543A}.Release|Any CPU.Build.0 = Release|Any CPU
	EndGlobalSection
	GlobalSection(SolutionProperties) = preSolution
		HideSolutionNode = FALSE
	EndGlobalSection
	GlobalSection(ExtensibilityGlobals) = postSolution
		SolutionGuid = {941EB7DB-E84B-48B9-AA19-45CF230299AC}
	EndGlobalSection
EndGlobal
