
Microsoft Visual Studio Solution File, Format Version 12.00
# Visual Studio Version 16
VisualStudioVersion = 16.0.31613.86
MinimumVisualStudioVersion = 10.0.40219.1
Project("{FAE04EC0-301F-11D3-BF4B-00C04F79EFBC}") = "TimerClass", "TimerClass\TimerClass.csproj", "{F5C66D0C-C5F9-4892-B71E-355983D2AD1B}"
EndProject
Global
	GlobalSection(SolutionConfigurationPlatforms) = preSolution
		Debug|Any CPU = Debug|Any CPU
		Release|Any CPU = Release|Any CPU
	EndGlobalSection
	GlobalSection(ProjectConfigurationPlatforms) = postSolution
		{F5C66D0C-C5F9-4892-B71E-355983D2AD1B}.Debug|Any CPU.ActiveCfg = Debug|Any CPU
		{F5C66D0C-C5F9-4892-B71E-355983D2AD1B}.Debug|Any CPU.Build.0 = Debug|Any CPU
		{F5C66D0C-C5F9-4892-B71E-355983D2AD1B}.Release|Any CPU.ActiveCfg = Release|Any CPU
		{F5C66D0C-C5F9-4892-B71E-355983D2AD1B}.Release|Any CPU.Build.0 = Release|Any CPU
	EndGlobalSection
	GlobalSection(SolutionProperties) = preSolution
		HideSolutionNode = FALSE
	EndGlobalSection
	GlobalSection(ExtensibilityGlobals) = postSolution
		SolutionGuid = {59D34504-3327-4277-BD26-507CDD6B2C3C}
	EndGlobalSection
EndGlobal
