
Microsoft Visual Studio Solution File, Format Version 12.00
# Visual Studio Version 16
VisualStudioVersion = 16.0.32602.291
MinimumVisualStudioVersion = 10.0.40219.1
Project("{FAE04EC0-301F-11D3-BF4B-00C04F79EFBC}") = "Simple_Calculation", "Simple_Calculation\Simple_Calculation.csproj", "{FCEDB7FB-3DEC-4BDB-BB84-2A02F406107D}"
EndProject
Global
	GlobalSection(SolutionConfigurationPlatforms) = preSolution
		Debug|Any CPU = Debug|Any CPU
		Release|Any CPU = Release|Any CPU
	EndGlobalSection
	GlobalSection(ProjectConfigurationPlatforms) = postSolution
		{FCEDB7FB-3DEC-4BDB-BB84-2A02F406107D}.Debug|Any CPU.ActiveCfg = Debug|Any CPU
		{FCEDB7FB-3DEC-4BDB-BB84-2A02F406107D}.Debug|Any CPU.Build.0 = Debug|Any CPU
		{FCEDB7FB-3DEC-4BDB-BB84-2A02F406107D}.Release|Any CPU.ActiveCfg = Release|Any CPU
		{FCEDB7FB-3DEC-4BDB-BB84-2A02F406107D}.Release|Any CPU.Build.0 = Release|Any CPU
	EndGlobalSection
	GlobalSection(SolutionProperties) = preSolution
		HideSolutionNode = FALSE
	EndGlobalSection
	GlobalSection(ExtensibilityGlobals) = postSolution
		SolutionGuid = {204386C8-8773-4606-AC9F-E320AF4C0754}
	EndGlobalSection
EndGlobal
