
Microsoft Visual Studio Solution File, Format Version 12.00
# Visual Studio Version 16
VisualStudioVersion = 16.0.31613.86
MinimumVisualStudioVersion = 10.0.40219.1
Project("{FAE04EC0-301F-11D3-BF4B-00C04F79EFBC}") = "Loop", "Loop\Loop.csproj", "{425E446B-2AB2-45F2-BA00-2FF9419D7EDA}"
EndProject
Global
	GlobalSection(SolutionConfigurationPlatforms) = preSolution
		Debug|Any CPU = Debug|Any CPU
		Release|Any CPU = Release|Any CPU
	EndGlobalSection
	GlobalSection(ProjectConfigurationPlatforms) = postSolution
		{425E446B-2AB2-45F2-BA00-2FF9419D7EDA}.Debug|Any CPU.ActiveCfg = Debug|Any CPU
		{425E446B-2AB2-45F2-BA00-2FF9419D7EDA}.Debug|Any CPU.Build.0 = Debug|Any CPU
		{425E446B-2AB2-45F2-BA00-2FF9419D7EDA}.Release|Any CPU.ActiveCfg = Release|Any CPU
		{425E446B-2AB2-45F2-BA00-2FF9419D7EDA}.Release|Any CPU.Build.0 = Release|Any CPU
	EndGlobalSection
	GlobalSection(SolutionProperties) = preSolution
		HideSolutionNode = FALSE
	EndGlobalSection
	GlobalSection(ExtensibilityGlobals) = postSolution
		SolutionGuid = {DDE826DE-327C-4A08-8997-9C997C365223}
	EndGlobalSection
EndGlobal
