
Microsoft Visual Studio Solution File, Format Version 12.00
# Visual Studio Version 16
VisualStudioVersion = 16.0.32602.291
MinimumVisualStudioVersion = 10.0.40219.1
Project("{FAE04EC0-301F-11D3-BF4B-00C04F79EFBC}") = "Word_Unscrambler", "Word_Unscrambler\Word_Unscrambler.csproj", "{C13BEBDF-156F-4EDB-BEE6-2CF197D51AD9}"
EndProject
Global
	GlobalSection(SolutionConfigurationPlatforms) = preSolution
		Debug|Any CPU = Debug|Any CPU
		Release|Any CPU = Release|Any CPU
	EndGlobalSection
	GlobalSection(ProjectConfigurationPlatforms) = postSolution
		{C13BEBDF-156F-4EDB-BEE6-2CF197D51AD9}.Debug|Any CPU.ActiveCfg = Debug|Any CPU
		{C13BEBDF-156F-4EDB-BEE6-2CF197D51AD9}.Debug|Any CPU.Build.0 = Debug|Any CPU
		{C13BEBDF-156F-4EDB-BEE6-2CF197D51AD9}.Release|Any CPU.ActiveCfg = Release|Any CPU
		{C13BEBDF-156F-4EDB-BEE6-2CF197D51AD9}.Release|Any CPU.Build.0 = Release|Any CPU
	EndGlobalSection
	GlobalSection(SolutionProperties) = preSolution
		HideSolutionNode = FALSE
	EndGlobalSection
	GlobalSection(ExtensibilityGlobals) = postSolution
		SolutionGuid = {55C9A0AA-2FF7-4855-8FE4-D6D541B8EA75}
	EndGlobalSection
EndGlobal
